
Microsoft Visual Studio Solution File, Format Version 12.00
# Visual Studio 15
VisualStudioVersion = 15.0.26206.0
MinimumVisualStudioVersion = 10.0.40219.1
Project("{FAE04EC0-301F-11D3-BF4B-00C04F79EFBC}") = "Doctors", "Doctors\Doctors.csproj", "{D490E83B-985F-4E5F-BB2F-AAE331203620}"
EndProject
Project("{2150E333-8FDC-42A3-9474-1A3956D46DE8}") = "01数据仓储层", "01数据仓储层", "{24CCBC2A-F187-490F-B415-9B90FA71F7E7}"
EndProject
Project("{FAE04EC0-301F-11D3-BF4B-00C04F79EFBC}") = "Doctors.Repository", "Doctors.Repository\Doctors.Repository.csproj", "{C7E796C7-8CAA-4061-81A7-BFDD7EA7CD21}"
EndProject
Project("{2150E333-8FDC-42A3-9474-1A3956D46DE8}") = "02业务逻辑层", "02业务逻辑层", "{5A949CD3-1DA8-4DC8-8CB9-382F54F25449}"
EndProject
Project("{2150E333-8FDC-42A3-9474-1A3956D46DE8}") = "03实体层", "03实体层", "{E2B78576-950F-4FDB-9FEB-E0FCCA93C7F4}"
EndProject
Project("{2150E333-8FDC-42A3-9474-1A3956D46DE8}") = "04公共层", "04公共层", "{7F62AD00-703A-4D4C-B47B-367901982E7E}"
EndProject
Project("{FAE04EC0-301F-11D3-BF4B-00C04F79EFBC}") = "Doctors.Model", "Doctors.Model\Doctors.Model.csproj", "{3639DAE2-1FDD-479C-8C2E-89C42A441CFE}"
EndProject
Project("{2150E333-8FDC-42A3-9474-1A3956D46DE8}") = "05UI层", "05UI层", "{756D828B-D3A0-4E5C-9679-7A9891952C72}"
EndProject
Project("{FAE04EC0-301F-11D3-BF4B-00C04F79EFBC}") = "Doctors.Common", "Doctors.Common\Doctors.Common.csproj", "{F060918F-4B4A-4D25-9E61-004F292B0FB6}"
EndProject
Project("{FAE04EC0-301F-11D3-BF4B-00C04F79EFBC}") = "Doctors.IServices", "Doctors.IServices\Doctors.IServices.csproj", "{D7B576AC-1B95-472B-8743-29B5884B868C}"
EndProject
Project("{FAE04EC0-301F-11D3-BF4B-00C04F79EFBC}") = "Doctors.Services", "Doctors.Services\Doctors.Services.csproj", "{F4178364-8F89-41C0-8E30-B658213EBEA0}"
EndProject
Project("{FAE04EC0-301F-11D3-BF4B-00C04F79EFBC}") = "Doctors.API", "Doctors.API\Doctors.API.csproj", "{59DAD3E7-F95F-49D1-94E1-C6035FF20078}"
EndProject
Global
	GlobalSection(SolutionConfigurationPlatforms) = preSolution
		Debug|Any CPU = Debug|Any CPU
		Release|Any CPU = Release|Any CPU
	EndGlobalSection
	GlobalSection(ProjectConfigurationPlatforms) = postSolution
		{D490E83B-985F-4E5F-BB2F-AAE331203620}.Debug|Any CPU.ActiveCfg = Debug|Any CPU
		{D490E83B-985F-4E5F-BB2F-AAE331203620}.Debug|Any CPU.Build.0 = Debug|Any CPU
		{D490E83B-985F-4E5F-BB2F-AAE331203620}.Release|Any CPU.ActiveCfg = Release|Any CPU
		{D490E83B-985F-4E5F-BB2F-AAE331203620}.Release|Any CPU.Build.0 = Release|Any CPU
		{C7E796C7-8CAA-4061-81A7-BFDD7EA7CD21}.Debug|Any CPU.ActiveCfg = Debug|Any CPU
		{C7E796C7-8CAA-4061-81A7-BFDD7EA7CD21}.Debug|Any CPU.Build.0 = Debug|Any CPU
		{C7E796C7-8CAA-4061-81A7-BFDD7EA7CD21}.Release|Any CPU.ActiveCfg = Release|Any CPU
		{C7E796C7-8CAA-4061-81A7-BFDD7EA7CD21}.Release|Any CPU.Build.0 = Release|Any CPU
		{3639DAE2-1FDD-479C-8C2E-89C42A441CFE}.Debug|Any CPU.ActiveCfg = Debug|Any CPU
		{3639DAE2-1FDD-479C-8C2E-89C42A441CFE}.Debug|Any CPU.Build.0 = Debug|Any CPU
		{3639DAE2-1FDD-479C-8C2E-89C42A441CFE}.Release|Any CPU.ActiveCfg = Release|Any CPU
		{3639DAE2-1FDD-479C-8C2E-89C42A441CFE}.Release|Any CPU.Build.0 = Release|Any CPU
		{F060918F-4B4A-4D25-9E61-004F292B0FB6}.Debug|Any CPU.ActiveCfg = Debug|Any CPU
		{F060918F-4B4A-4D25-9E61-004F292B0FB6}.Debug|Any CPU.Build.0 = Debug|Any CPU
		{F060918F-4B4A-4D25-9E61-004F292B0FB6}.Release|Any CPU.ActiveCfg = Release|Any CPU
		{F060918F-4B4A-4D25-9E61-004F292B0FB6}.Release|Any CPU.Build.0 = Release|Any CPU
		{D7B576AC-1B95-472B-8743-29B5884B868C}.Debug|Any CPU.ActiveCfg = Debug|Any CPU
		{D7B576AC-1B95-472B-8743-29B5884B868C}.Debug|Any CPU.Build.0 = Debug|Any CPU
		{D7B576AC-1B95-472B-8743-29B5884B868C}.Release|Any CPU.ActiveCfg = Release|Any CPU
		{D7B576AC-1B95-472B-8743-29B5884B868C}.Release|Any CPU.Build.0 = Release|Any CPU
		{F4178364-8F89-41C0-8E30-B658213EBEA0}.Debug|Any CPU.ActiveCfg = Debug|Any CPU
		{F4178364-8F89-41C0-8E30-B658213EBEA0}.Debug|Any CPU.Build.0 = Debug|Any CPU
		{F4178364-8F89-41C0-8E30-B658213EBEA0}.Release|Any CPU.ActiveCfg = Release|Any CPU
		{F4178364-8F89-41C0-8E30-B658213EBEA0}.Release|Any CPU.Build.0 = Release|Any CPU
		{59DAD3E7-F95F-49D1-94E1-C6035FF20078}.Debug|Any CPU.ActiveCfg = Debug|Any CPU
		{59DAD3E7-F95F-49D1-94E1-C6035FF20078}.Debug|Any CPU.Build.0 = Debug|Any CPU
		{59DAD3E7-F95F-49D1-94E1-C6035FF20078}.Release|Any CPU.ActiveCfg = Release|Any CPU
		{59DAD3E7-F95F-49D1-94E1-C6035FF20078}.Release|Any CPU.Build.0 = Release|Any CPU
	EndGlobalSection
	GlobalSection(SolutionProperties) = preSolution
		HideSolutionNode = FALSE
	EndGlobalSection
	GlobalSection(NestedProjects) = preSolution
		{D490E83B-985F-4E5F-BB2F-AAE331203620} = {756D828B-D3A0-4E5C-9679-7A9891952C72}
		{C7E796C7-8CAA-4061-81A7-BFDD7EA7CD21} = {24CCBC2A-F187-490F-B415-9B90FA71F7E7}
		{3639DAE2-1FDD-479C-8C2E-89C42A441CFE} = {E2B78576-950F-4FDB-9FEB-E0FCCA93C7F4}
		{F060918F-4B4A-4D25-9E61-004F292B0FB6} = {7F62AD00-703A-4D4C-B47B-367901982E7E}
		{D7B576AC-1B95-472B-8743-29B5884B868C} = {5A949CD3-1DA8-4DC8-8CB9-382F54F25449}
		{F4178364-8F89-41C0-8E30-B658213EBEA0} = {5A949CD3-1DA8-4DC8-8CB9-382F54F25449}
		{59DAD3E7-F95F-49D1-94E1-C6035FF20078} = {756D828B-D3A0-4E5C-9679-7A9891952C72}
	EndGlobalSection
EndGlobal
